// !$*UTF8*$!
{
 archiveVersion = 1;
 classes = {};
 objectVersion = 77;
 objects = {
  APP_EXT_BUILD = {isa = PBXBuildFile; fileRef = EXT_PRODUCT; settings = {ATTRIBUTES = (CodeSignOnCopy, RemoveHeadersOnCopy,);};};
  EXT_PROXY = {isa = PBXContainerItemProxy; containerPortal = PROJECT; proxyType = 1; remoteGlobalIDString = EXT_TARGET; remoteInfo = ReaderDropShare;};
  EMBED_EXT = {isa = PBXCopyFilesBuildPhase; buildActionMask = 2147483647; dstPath = ""; dstSubfolderSpec = 13; files = (APP_EXT_BUILD,); name = "Embed App Extensions"; runOnlyForDeploymentPostprocessing = 0;};
  APP_PRODUCT = {isa = PBXFileReference; explicitFileType = wrapper.application; includeInIndex = 0; path = ReaderDrop.app; sourceTree = BUILT_PRODUCTS_DIR;};
  EXT_PRODUCT = {isa = PBXFileReference; explicitFileType = "wrapper.app-extension"; includeInIndex = 0; path = ReaderDropShare.appex; sourceTree = BUILT_PRODUCTS_DIR;};
  APP_EXCEPTION = {isa = PBXFileSystemSynchronizedBuildFileExceptionSet; membershipExceptions = (Info.plist,); target = APP_TARGET;};
  EXT_EXCEPTION = {isa = PBXFileSystemSynchronizedBuildFileExceptionSet; membershipExceptions = (Info.plist,); target = EXT_TARGET;};
  APP_GROUP = {isa = PBXFileSystemSynchronizedRootGroup; exceptions = (APP_EXCEPTION,); explicitFileTypes = {}; explicitFolders = (); path = ReaderDrop; sourceTree = "<group>";};
  EXT_GROUP = {isa = PBXFileSystemSynchronizedRootGroup; exceptions = (EXT_EXCEPTION,); explicitFileTypes = {}; explicitFolders = (); path = ReaderDropShare; sourceTree = "<group>";};
  SHARED_GROUP = {isa = PBXFileSystemSynchronizedRootGroup; explicitFileTypes = {}; explicitFolders = (); path = Shared; sourceTree = "<group>";};
  MAIN_GROUP = {isa = PBXGroup; children = (APP_GROUP, EXT_GROUP, SHARED_GROUP, PRODUCTS_GROUP,); sourceTree = "<group>";};
  PRODUCTS_GROUP = {isa = PBXGroup; children = (APP_PRODUCT, EXT_PRODUCT,); name = Products; sourceTree = "<group>";};
  APP_FRAMEWORKS = {isa = PBXFrameworksBuildPhase; buildActionMask = 2147483647; files = (); runOnlyForDeploymentPostprocessing = 0;};
  EXT_FRAMEWORKS = {isa = PBXFrameworksBuildPhase; buildActionMask = 2147483647; files = (); runOnlyForDeploymentPostprocessing = 0;};
  APP_SOURCES = {isa = PBXSourcesBuildPhase; buildActionMask = 2147483647; files = (); runOnlyForDeploymentPostprocessing = 0;};
  EXT_SOURCES = {isa = PBXSourcesBuildPhase; buildActionMask = 2147483647; files = (); runOnlyForDeploymentPostprocessing = 0;};
  APP_RESOURCES = {isa = PBXResourcesBuildPhase; buildActionMask = 2147483647; files = (); runOnlyForDeploymentPostprocessing = 0;};
  EXT_RESOURCES = {isa = PBXResourcesBuildPhase; buildActionMask = 2147483647; files = (); runOnlyForDeploymentPostprocessing = 0;};
  EXT_DEPENDENCY = {isa = PBXTargetDependency; target = EXT_TARGET; targetProxy = EXT_PROXY;};
  APP_TARGET = {isa = PBXNativeTarget; buildConfigurationList = APP_CONFIG_LIST; buildPhases = (APP_SOURCES, APP_FRAMEWORKS, APP_RESOURCES, EMBED_EXT,); buildRules = (); dependencies = (EXT_DEPENDENCY,); fileSystemSynchronizedGroups = (APP_GROUP, SHARED_GROUP,); name = ReaderDrop; productName = ReaderDrop; productReference = APP_PRODUCT; productType = "com.apple.product-type.application";};
  EXT_TARGET = {isa = PBXNativeTarget; buildConfigurationList = EXT_CONFIG_LIST; buildPhases = (EXT_SOURCES, EXT_FRAMEWORKS, EXT_RESOURCES,); buildRules = (); dependencies = (); fileSystemSynchronizedGroups = (EXT_GROUP, SHARED_GROUP,); name = ReaderDropShare; productName = ReaderDropShare; productReference = EXT_PRODUCT; productType = "com.apple.product-type.app-extension";};
  PROJECT = {isa = PBXProject; attributes = {BuildIndependentTargetsInParallel = 1; LastSwiftUpdateCheck = 1600; LastUpgradeCheck = 1600; TargetAttributes = {APP_TARGET = {CreatedOnToolsVersion = 16.0;}; EXT_TARGET = {CreatedOnToolsVersion = 16.0;};};}; buildConfigurationList = PROJECT_CONFIG_LIST; compatibilityVersion = "Xcode 16.0"; developmentRegion = en; knownRegions = (en, ru, Base,); mainGroup = MAIN_GROUP; preferredProjectObjectVersion = 77; productRefGroup = PRODUCTS_GROUP; projectDirPath = ""; projectRoot = ""; targets = (APP_TARGET, EXT_TARGET,);};
  PROJECT_DEBUG = {isa = XCBuildConfiguration; buildSettings = {CLANG_ENABLE_MODULES = YES; IPHONEOS_DEPLOYMENT_TARGET = 17.0; SWIFT_OPTIMIZATION_LEVEL = "-Onone"; SWIFT_VERSION = 5.0;}; name = Debug;};
  PROJECT_RELEASE = {isa = XCBuildConfiguration; buildSettings = {CLANG_ENABLE_MODULES = YES; IPHONEOS_DEPLOYMENT_TARGET = 17.0; SWIFT_VERSION = 5.0;}; name = Release;};
  APP_DEBUG = {isa = XCBuildConfiguration; buildSettings = {ASSETCATALOG_COMPILER_APPICON_NAME = AppIcon; ASSETCATALOG_COMPILER_GLOBAL_ACCENT_COLOR_NAME = AccentColor; CODE_SIGN_STYLE = Automatic; CURRENT_PROJECT_VERSION = 1; GENERATE_INFOPLIST_FILE = NO; INFOPLIST_FILE = ReaderDrop/Info.plist; IPHONEOS_DEPLOYMENT_TARGET = 17.0; MARKETING_VERSION = 1.0.0; PRODUCT_BUNDLE_IDENTIFIER = com.iteaky.ReaderDrop; PRODUCT_NAME = "$(TARGET_NAME)"; SUPPORTED_PLATFORMS = "iphoneos iphonesimulator"; SWIFT_VERSION = 5.0; TARGETED_DEVICE_FAMILY = "1,2";}; name = Debug;};
  APP_RELEASE = {isa = XCBuildConfiguration; buildSettings = {ASSETCATALOG_COMPILER_APPICON_NAME = AppIcon; ASSETCATALOG_COMPILER_GLOBAL_ACCENT_COLOR_NAME = AccentColor; CODE_SIGN_STYLE = Automatic; CURRENT_PROJECT_VERSION = 1; GENERATE_INFOPLIST_FILE = NO; INFOPLIST_FILE = ReaderDrop/Info.plist; IPHONEOS_DEPLOYMENT_TARGET = 17.0; MARKETING_VERSION = 1.0.0; PRODUCT_BUNDLE_IDENTIFIER = com.iteaky.ReaderDrop; PRODUCT_NAME = "$(TARGET_NAME)"; SUPPORTED_PLATFORMS = "iphoneos iphonesimulator"; SWIFT_VERSION = 5.0; TARGETED_DEVICE_FAMILY = "1,2";}; name = Release;};
  EXT_DEBUG = {isa = XCBuildConfiguration; buildSettings = {CODE_SIGN_STYLE = Automatic; CURRENT_PROJECT_VERSION = 1; GENERATE_INFOPLIST_FILE = NO; INFOPLIST_FILE = ReaderDropShare/Info.plist; IPHONEOS_DEPLOYMENT_TARGET = 17.0; MARKETING_VERSION = 1.0.0; PRODUCT_BUNDLE_IDENTIFIER = com.iteaky.ReaderDrop.ShareExtension; PRODUCT_NAME = "$(TARGET_NAME)"; SKIP_INSTALL = YES; SUPPORTED_PLATFORMS = "iphoneos iphonesimulator"; SWIFT_VERSION = 5.0; TARGETED_DEVICE_FAMILY = "1,2";}; name = Debug;};
  EXT_RELEASE = {isa = XCBuildConfiguration; buildSettings = {CODE_SIGN_STYLE = Automatic; CURRENT_PROJECT_VERSION = 1; GENERATE_INFOPLIST_FILE = NO; INFOPLIST_FILE = ReaderDropShare/Info.plist; IPHONEOS_DEPLOYMENT_TARGET = 17.0; MARKETING_VERSION = 1.0.0; PRODUCT_BUNDLE_IDENTIFIER = com.iteaky.ReaderDrop.ShareExtension; PRODUCT_NAME = "$(TARGET_NAME)"; SKIP_INSTALL = YES; SUPPORTED_PLATFORMS = "iphoneos iphonesimulator"; SWIFT_VERSION = 5.0; TARGETED_DEVICE_FAMILY = "1,2";}; name = Release;};
  PROJECT_CONFIG_LIST = {isa = XCConfigurationList; buildConfigurations = (PROJECT_DEBUG, PROJECT_RELEASE,); defaultConfigurationIsVisible = 0; defaultConfigurationName = Release;};
  APP_CONFIG_LIST = {isa = XCConfigurationList; buildConfigurations = (APP_DEBUG, APP_RELEASE,); defaultConfigurationIsVisible = 0; defaultConfigurationName = Release;};
  EXT_CONFIG_LIST = {isa = XCConfigurationList; buildConfigurations = (EXT_DEBUG, EXT_RELEASE,); defaultConfigurationIsVisible = 0; defaultConfigurationName = Release;};
 };
 rootObject = PROJECT;
}
