// !$*UTF8*$!
{ archiveVersion = 1; classes = {}; objectVersion = 77; objects = { 1A31134F56F765E98A5208B4 = {isa = PBXBuildFile; fileRef = 8A641E6F878C93FEBFB2712C; settings = {ATTRIBUTES = (CodeSignOnCopy, RemoveHeadersOnCopy, ); }; }; D799BAE6088A90139B415FCC = {isa = PBXContainerItemProxy; containerPortal = 98F54143AB4E86B28C3AFEE0; proxyType = 1; remoteGlobalIDString = 292FF03F6EB13E77C62C0252; remoteInfo = ReaderDropShare; }; CFFF27C96089B93150F3553B = {isa = PBXCopyFilesBuildPhase; buildActionMask = 2147483647; dstPath = ""; dstSubfolderSpec = 13; files = (1A31134F56F765E98A5208B4,); name = "Embed App Extensions"; runOnlyForDeploymentPostprocessing = 0; }; 5718BA8B2965F0F686C8E55B = {isa = PBXFileReference; explicitFileType = wrapper.application; includeInIndex = 0; path = ReaderDrop.app; sourceTree = BUILT_PRODUCTS_DIR; }; 8A641E6F878C93FEBFB2712C = {isa = PBXFileReference; explicitFileType = "wrapper.app-extension"; includeInIndex = 0; path = ReaderDropShare.appex; sourceTree = BUILT_PRODUCTS_DIR; }; 3A2A88DEEFF3D1D23E496597 = {isa = PBXFileSystemSynchronizedRootGroup; explicitFileTypes = {}; explicitFolders = (); path = ReaderDrop; sourceTree = "<group>"; }; 54768AA1BA5D709B3AD4DD6D = {isa = PBXFileSystemSynchronizedRootGroup; explicitFileTypes = {}; explicitFolders = (); path = ReaderDropShare; sourceTree = "<group>"; }; A51B995684AEC2DD04AF0056 = {isa = PBXFileSystemSynchronizedRootGroup; explicitFileTypes = {}; explicitFolders = (); path = Shared; sourceTree = "<group>"; }; 8226845DD06A9803C9F1E0E1 = {isa = PBXFrameworksBuildPhase; buildActionMask = 2147483647; files = (); runOnlyForDeploymentPostprocessing = 0; }; 2D1325A1C0AC08A0B6FBA138 = {isa = PBXFrameworksBuildPhase; buildActionMask = 2147483647; files = (); runOnlyForDeploymentPostprocessing = 0; }; B28B7AF69320201D1CF206EB = {isa = PBXGroup; children = (3A2A88DEEFF3D1D23E496597, 54768AA1BA5D709B3AD4DD6D, A51B995684AEC2DD04AF0056, FBDC4F23F93125BBEEAE800C,); sourceTree = "<group>"; }; FBDC4F23F93125BBEEAE800C = {isa = PBXGroup; children = (5718BA8B2965F0F686C8E55B, 8A641E6F878C93FEBFB2712C,); name = Products; sourceTree = "<group>"; }; CCD1BDFE40AA20836710EC01 = {isa = PBXNativeTarget; buildConfigurationList = 40C359719E8D99E52B38977C; buildPhases = (DE54E274973760DB10C0103F, 8226845DD06A9803C9F1E0E1, 3073F9BACE8365BB56700AF3, CFFF27C96089B93150F3553B,); buildRules = (); dependencies = (DE58E2B17C19600779694943,); fileSystemSynchronizedGroups = (3A2A88DEEFF3D1D23E496597, A51B995684AEC2DD04AF0056,); name = ReaderDrop; productName = ReaderDrop; productReference = 5718BA8B2965F0F686C8E55B; productType = "com.apple.product-type.application"; }; 292FF03F6EB13E77C62C0252 = {isa = PBXNativeTarget; buildConfigurationList = 0A169C298F34153BD4C7B76B; buildPhases = (7B6A0463FE173F68F3D7D584, 2D1325A1C0AC08A0B6FBA138, 839C1B76EA665218B557B28D,); buildRules = (); dependencies = (); fileSystemSynchronizedGroups = (54768AA1BA5D709B3AD4DD6D, A51B995684AEC2DD04AF0056,); name = ReaderDropShare; productName = ReaderDropShare; productReference = 8A641E6F878C93FEBFB2712C; productType = "com.apple.product-type.app-extension"; }; 98F54143AB4E86B28C3AFEE0 = {isa = PBXProject; attributes = {BuildIndependentTargetsInParallel = 1; LastSwiftUpdateCheck = 1600; LastUpgradeCheck = 1600; TargetAttributes = {CCD1BDFE40AA20836710EC01 = {CreatedOnToolsVersion = 16.0; }; 292FF03F6EB13E77C62C0252 = {CreatedOnToolsVersion = 16.0; }; }; }; buildConfigurationList = 7A5B45D31E0DAAE233D4D361; compatibilityVersion = "Xcode 16.0"; developmentRegion = en; hasScannedForEncodings = 0; knownRegions = (en, ru, Base,); mainGroup = B28B7AF69320201D1CF206EB; minimizedProjectReferenceProxies = 1; preferredProjectObjectVersion = 77; productRefGroup = FBDC4F23F93125BBEEAE800C; projectDirPath = ""; projectRoot = ""; targets = (CCD1BDFE40AA20836710EC01, 292FF03F6EB13E77C62C0252,); }; 3073F9BACE8365BB56700AF3 = {isa = PBXResourcesBuildPhase; buildActionMask = 2147483647; files = (); runOnlyForDeploymentPostprocessing = 0; }; 839C1B76EA665218B557B28D = {isa = PBXResourcesBuildPhase; buildActionMask = 2147483647; files = (); runOnlyForDeploymentPostprocessing = 0; }; DE54E274973760DB10C0103F = {isa = PBXSourcesBuildPhase; buildActionMask = 2147483647; files = (); runOnlyForDeploymentPostprocessing = 0; }; 7B6A0463FE173F68F3D7D584 = {isa = PBXSourcesBuildPhase; buildActionMask = 2147483647; files = (); runOnlyForDeploymentPostprocessing = 0; }; DE58E2B17C19600779694943 = {isa = PBXTargetDependency; target = 292FF03F6EB13E77C62C0252; targetProxy = D799BAE6088A90139B415FCC; }; E76653CB119B88EE2434A99D = {isa = XCBuildConfiguration; buildSettings = {ALWAYS_SEARCH_USER_PATHS = NO; CLANG_ENABLE_MODULES = YES; ENABLE_USER_SCRIPT_SANDBOXING = YES; IPHONEOS_DEPLOYMENT_TARGET = 17.0; SDKROOT = iphoneos; SWIFT_VERSION = 5.0; DEBUG_INFORMATION_FORMAT = dwarf; GCC_OPTIMIZATION_LEVEL = 0; SWIFT_OPTIMIZATION_LEVEL = "-Onone"; }; name = Debug; }; 653C00FFE80FF207F65E0FE8 = {isa = XCBuildConfiguration; buildSettings = {ALWAYS_SEARCH_USER_PATHS = NO; CLANG_ENABLE_MODULES = YES; ENABLE_USER_SCRIPT_SANDBOXING = YES; IPHONEOS_DEPLOYMENT_TARGET = 17.0; SDKROOT = iphoneos; SWIFT_VERSION = 5.0; DEBUG_INFORMATION_FORMAT = "dwarf-with-dsym"; SWIFT_COMPILATION_MODE = wholemodule; }; name = Release; }; 508C48DA6F9C07EDD64C0061 = {isa = XCBuildConfiguration; buildSettings = {ASSETCATALOG_COMPILER_APPICON_NAME = AppIcon; ASSETCATALOG_COMPILER_GLOBAL_ACCENT_COLOR_NAME = AccentColor; "CODE_SIGNING_ALLOWED[sdk=iphonesimulator*]" = NO; CODE_SIGN_STYLE = Automatic; CURRENT_PROJECT_VERSION = 1; GENERATE_INFOPLIST_FILE = NO; INFOPLIST_FILE = ReaderDrop/Info.plist; IPHONEOS_DEPLOYMENT_TARGET = 17.0; LD_RUNPATH_SEARCH_PATHS = ("$(inherited)", "@executable_path/Frameworks",); MARKETING_VERSION = 1.0.0; PRODUCT_BUNDLE_IDENTIFIER = com.iteaky.ReaderDrop; PRODUCT_NAME = "$(TARGET_NAME)"; SUPPORTED_PLATFORMS = "iphoneos iphonesimulator"; SWIFT_ACTIVE_COMPILATION_CONDITIONS = "DEBUG $(inherited)"; SWIFT_VERSION = 5.0; TARGETED_DEVICE_FAMILY = "1,2"; }; name = Debug; }; 30257DFE0EFA947057B6CE56 = {isa = XCBuildConfiguration; buildSettings = {ASSETCATALOG_COMPILER_APPICON_NAME = AppIcon; ASSETCATALOG_COMPILER_GLOBAL_ACCENT_COLOR_NAME = AccentColor; "CODE_SIGNING_ALLOWED[sdk=iphonesimulator*]" = NO; CODE_SIGN_STYLE = Automatic; CURRENT_PROJECT_VERSION = 1; GENERATE_INFOPLIST_FILE = NO; INFOPLIST_FILE = ReaderDrop/Info.plist; IPHONEOS_DEPLOYMENT_TARGET = 17.0; LD_RUNPATH_SEARCH_PATHS = ("$(inherited)", "@executable_path/Frameworks",); MARKETING_VERSION = 1.0.0; PRODUCT_BUNDLE_IDENTIFIER = com.iteaky.ReaderDrop; PRODUCT_NAME = "$(TARGET_NAME)"; SUPPORTED_PLATFORMS = "iphoneos iphonesimulator"; SWIFT_VERSION = 5.0; TARGETED_DEVICE_FAMILY = "1,2"; }; name = Release; }; 19250A294946D1C0D0A6FA9F = {isa = XCBuildConfiguration; buildSettings = {"CODE_SIGNING_ALLOWED[sdk=iphonesimulator*]" = NO; CODE_SIGN_STYLE = Automatic; CURRENT_PROJECT_VERSION = 1; GENERATE_INFOPLIST_FILE = NO; INFOPLIST_FILE = ReaderDropShare/Info.plist; IPHONEOS_DEPLOYMENT_TARGET = 17.0; LD_RUNPATH_SEARCH_PATHS = ("$(inherited)", "@executable_path/Frameworks", "@executable_path/../../Frameworks",); MARKETING_VERSION = 1.0.0; PRODUCT_BUNDLE_IDENTIFIER = com.iteaky.ReaderDrop.ShareExtension; PRODUCT_NAME = "$(TARGET_NAME)"; SKIP_INSTALL = YES; SUPPORTED_PLATFORMS = "iphoneos iphonesimulator"; SWIFT_ACTIVE_COMPILATION_CONDITIONS = "DEBUG $(inherited)"; SWIFT_VERSION = 5.0; TARGETED_DEVICE_FAMILY = "1,2"; }; name = Debug; }; 85230988A1056381CE613206 = {isa = XCBuildConfiguration; buildSettings = {"CODE_SIGNING_ALLOWED[sdk=iphonesimulator*]" = NO; CODE_SIGN_STYLE = Automatic; CURRENT_PROJECT_VERSION = 1; GENERATE_INFOPLIST_FILE = NO; INFOPLIST_FILE = ReaderDropShare/Info.plist; IPHONEOS_DEPLOYMENT_TARGET = 17.0; LD_RUNPATH_SEARCH_PATHS = ("$(inherited)", "@executable_path/Frameworks", "@executable_path/../../Frameworks",); MARKETING_VERSION = 1.0.0; PRODUCT_BUNDLE_IDENTIFIER = com.iteaky.ReaderDrop.ShareExtension; PRODUCT_NAME = "$(TARGET_NAME)"; SKIP_INSTALL = YES; SUPPORTED_PLATFORMS = "iphoneos iphonesimulator"; SWIFT_VERSION = 5.0; TARGETED_DEVICE_FAMILY = "1,2"; }; name = Release; }; 7A5B45D31E0DAAE233D4D361 = {isa = XCConfigurationList; buildConfigurations = (E76653CB119B88EE2434A99D, 653C00FFE80FF207F65E0FE8,); defaultConfigurationIsVisible = 0; defaultConfigurationName = Release; }; 40C359719E8D99E52B38977C = {isa = XCConfigurationList; buildConfigurations = (508C48DA6F9C07EDD64C0061, 30257DFE0EFA947057B6CE56,); defaultConfigurationIsVisible = 0; defaultConfigurationName = Release; }; 0A169C298F34153BD4C7B76B = {isa = XCConfigurationList; buildConfigurations = (19250A294946D1C0D0A6FA9F, 85230988A1056381CE613206,); defaultConfigurationIsVisible = 0; defaultConfigurationName = Release; }; }; rootObject = 98F54143AB4E86B28C3AFEE0; } 
